// !$*UTF8*$!
{
	archiveVersion = 1;
	classes = {
	};
	objectVersion = 56;
	objects = {

/* Begin PBXBuildFile section */
		6F5B5F7029DA13E300E05163 /* UdacityApiClient.swift in Sources */ = {isa = PBXBuildFile; fileRef = 6F5B5F6F29DA13E300E05163 /* UdacityApiClient.swift */; };
		6F5B5F7229DA146400E05163 /* UdacitySchema.swift in Sources */ = {isa = PBXBuildFile; fileRef = 6F5B5F7129DA146400E05163 /* UdacitySchema.swift */; };
		6F5B5F8029E1F4D600E05163 /* OtmRootNavigationController.swift in Sources */ = {isa = PBXBuildFile; fileRef = 6F5B5F7F29E1F4D600E05163 /* OtmRootNavigationController.swift */; };
		6F9D7D4B29B3A7AF00104AA6 /* AppDelegate.swift in Sources */ = {isa = PBXBuildFile; fileRef = 6F9D7D4A29B3A7AF00104AA6 /* AppDelegate.swift */; };
		6F9D7D4D29B3A7AF00104AA6 /* SceneDelegate.swift in Sources */ = {isa = PBXBuildFile; fileRef = 6F9D7D4C29B3A7AF00104AA6 /* SceneDelegate.swift */; };
		6F9D7D4F29B3A7AF00104AA6 /* LoginViewController.swift in Sources */ = {isa = PBXBuildFile; fileRef = 6F9D7D4E29B3A7AF00104AA6 /* LoginViewController.swift */; };
		6F9D7D5229B3A7AF00104AA6 /* Main.storyboard in Resources */ = {isa = PBXBuildFile; fileRef = 6F9D7D5029B3A7AF00104AA6 /* Main.storyboard */; };
		6F9D7D5429B3A7B000104AA6 /* Assets.xcassets in Resources */ = {isa = PBXBuildFile; fileRef = 6F9D7D5329B3A7B000104AA6 /* Assets.xcassets */; };
		6F9D7D5729B3A7B000104AA6 /* LaunchScreen.storyboard in Resources */ = {isa = PBXBuildFile; fileRef = 6F9D7D5529B3A7B000104AA6 /* LaunchScreen.storyboard */; };
		6F9D7D6029B3A84B00104AA6 /* OtmTabBarController.swift in Sources */ = {isa = PBXBuildFile; fileRef = 6F9D7D5F29B3A84B00104AA6 /* OtmTabBarController.swift */; };
		6F9D7D6329B3AA9500104AA6 /* StudentLocation.swift in Sources */ = {isa = PBXBuildFile; fileRef = 6F9D7D6229B3AA9500104AA6 /* StudentLocation.swift */; };
		6F9D7D6529B3AD6500104AA6 /* MapViewController.swift in Sources */ = {isa = PBXBuildFile; fileRef = 6F9D7D6429B3AD6500104AA6 /* MapViewController.swift */; };
		6F9D7D6729B3BA6B00104AA6 /* OnTheMapApiClient.swift in Sources */ = {isa = PBXBuildFile; fileRef = 6F9D7D6629B3BA6B00104AA6 /* OnTheMapApiClient.swift */; };
		6F9D7D6B29B5284D00104AA6 /* OtmTableViewController.swift in Sources */ = {isa = PBXBuildFile; fileRef = 6F9D7D6A29B5284D00104AA6 /* OtmTableViewController.swift */; };
/* End PBXBuildFile section */

/* Begin PBXFileReference section */
		6F5B5F6F29DA13E300E05163 /* UdacityApiClient.swift */ = {isa = PBXFileReference; lastKnownFileType = sourcecode.swift; path = UdacityApiClient.swift; sourceTree = "<group>"; };
		6F5B5F7129DA146400E05163 /* UdacitySchema.swift */ = {isa = PBXFileReference; lastKnownFileType = sourcecode.swift; path = UdacitySchema.swift; sourceTree = "<group>"; };
		6F5B5F7F29E1F4D600E05163 /* OtmRootNavigationController.swift */ = {isa = PBXFileReference; lastKnownFileType = sourcecode.swift; path = OtmRootNavigationController.swift; sourceTree = "<group>"; };
		6F9D7D4729B3A7AF00104AA6 /* On The Map.app */ = {isa = PBXFileReference; explicitFileType = wrapper.application; includeInIndex = 0; path = "On The Map.app"; sourceTree = BUILT_PRODUCTS_DIR; };
		6F9D7D4A29B3A7AF00104AA6 /* AppDelegate.swift */ = {isa = PBXFileReference; lastKnownFileType = sourcecode.swift; path = AppDelegate.swift; sourceTree = "<group>"; };
		6F9D7D4C29B3A7AF00104AA6 /* SceneDelegate.swift */ = {isa = PBXFileReference; lastKnownFileType = sourcecode.swift; path = SceneDelegate.swift; sourceTree = "<group>"; };
		6F9D7D4E29B3A7AF00104AA6 /* LoginViewController.swift */ = {isa = PBXFileReference; lastKnownFileType = sourcecode.swift; path = LoginViewController.swift; sourceTree = "<group>"; };
		6F9D7D5129B3A7AF00104AA6 /* Base */ = {isa = PBXFileReference; lastKnownFileType = file.storyboard; name = Base; path = Base.lproj/Main.storyboard; sourceTree = "<group>"; };
		6F9D7D5329B3A7B000104AA6 /* Assets.xcassets */ = {isa = PBXFileReference; lastKnownFileType = folder.assetcatalog; path = Assets.xcassets; sourceTree = "<group>"; };
		6F9D7D5629B3A7B000104AA6 /* Base */ = {isa = PBXFileReference; lastKnownFileType = file.storyboard; name = Base; path = Base.lproj/LaunchScreen.storyboard; sourceTree = "<group>"; };
		6F9D7D5829B3A7B000104AA6 /* Info.plist */ = {isa = PBXFileReference; lastKnownFileType = text.plist.xml; path = Info.plist; sourceTree = "<group>"; };
		6F9D7D5F29B3A84B00104AA6 /* OtmTabBarController.swift */ = {isa = PBXFileReference; lastKnownFileType = sourcecode.swift; path = OtmTabBarController.swift; sourceTree = "<group>"; };
		6F9D7D6229B3AA9500104AA6 /* StudentLocation.swift */ = {isa = PBXFileReference; lastKnownFileType = sourcecode.swift; path = StudentLocation.swift; sourceTree = "<group>"; };
		6F9D7D6429B3AD6500104AA6 /* MapViewController.swift */ = {isa = PBXFileReference; lastKnownFileType = sourcecode.swift; path = MapViewController.swift; sourceTree = "<group>"; };
		6F9D7D6629B3BA6B00104AA6 /* OnTheMapApiClient.swift */ = {isa = PBXFileReference; lastKnownFileType = sourcecode.swift; path = OnTheMapApiClient.swift; sourceTree = "<group>"; };
		6F9D7D6A29B5284D00104AA6 /* OtmTableViewController.swift */ = {isa = PBXFileReference; lastKnownFileType = sourcecode.swift; path = OtmTableViewController.swift; sourceTree = "<group>"; };
/* End PBXFileReference section */

/* Begin PBXFrameworksBuildPhase section */
		6F9D7D4429B3A7AF00104AA6 /* Frameworks */ = {
			isa = PBXFrameworksBuildPhase;
			buildActionMask = 2147483647;
			files = (
			);
			runOnlyForDeploymentPostprocessing = 0;
		};
/* End PBXFrameworksBuildPhase section */

/* Begin PBXGroup section */
		6F9D7D3E29B3A7AF00104AA6 = {
			isa = PBXGroup;
			children = (
				6F9D7D4929B3A7AF00104AA6 /* On The Map */,
				6F9D7D4829B3A7AF00104AA6 /* Products */,
			);
			sourceTree = "<group>";
		};
		6F9D7D4829B3A7AF00104AA6 /* Products */ = {
			isa = PBXGroup;
			children = (
				6F9D7D4729B3A7AF00104AA6 /* On The Map.app */,
			);
			name = Products;
			sourceTree = "<group>";
		};
		6F9D7D4929B3A7AF00104AA6 /* On The Map */ = {
			isa = PBXGroup;
			children = (
				6F9D7D6129B3AA8100104AA6 /* Model */,
				6F9D7D5E29B3A83000104AA6 /* Controller */,
				6F9D7D4A29B3A7AF00104AA6 /* AppDelegate.swift */,
				6F9D7D4C29B3A7AF00104AA6 /* SceneDelegate.swift */,
				6F9D7D5029B3A7AF00104AA6 /* Main.storyboard */,
				6F9D7D5329B3A7B000104AA6 /* Assets.xcassets */,
				6F9D7D5529B3A7B000104AA6 /* LaunchScreen.storyboard */,
				6F9D7D5829B3A7B000104AA6 /* Info.plist */,
			);
			path = "On The Map";
			sourceTree = "<group>";
		};
		6F9D7D5E29B3A83000104AA6 /* Controller */ = {
			isa = PBXGroup;
			children = (
				6F9D7D4E29B3A7AF00104AA6 /* LoginViewController.swift */,
				6F5B5F7F29E1F4D600E05163 /* OtmRootNavigationController.swift */,
				6F9D7D5F29B3A84B00104AA6 /* OtmTabBarController.swift */,
				6F9D7D6429B3AD6500104AA6 /* MapViewController.swift */,
				6F9D7D6A29B5284D00104AA6 /* OtmTableViewController.swift */,
			);
			path = Controller;
			sourceTree = "<group>";
		};
		6F9D7D6129B3AA8100104AA6 /* Model */ = {
			isa = PBXGroup;
			children = (
				6F9D7D6229B3AA9500104AA6 /* StudentLocation.swift */,
				6F9D7D6629B3BA6B00104AA6 /* OnTheMapApiClient.swift */,
				6F5B5F7129DA146400E05163 /* UdacitySchema.swift */,
				6F5B5F6F29DA13E300E05163 /* UdacityApiClient.swift */,
			);
			path = Model;
			sourceTree = "<group>";
		};
/* End PBXGroup section */

/* Begin PBXNativeTarget section */
		6F9D7D4629B3A7AF00104AA6 /* On The Map */ = {
			isa = PBXNativeTarget;
			buildConfigurationList = 6F9D7D5B29B3A7B000104AA6 /* Build configuration list for PBXNativeTarget "On The Map" */;
			buildPhases = (
				6F9D7D4329B3A7AF00104AA6 /* Sources */,
				6F9D7D4429B3A7AF00104AA6 /* Frameworks */,
				6F9D7D4529B3A7AF00104AA6 /* Resources */,
			);
			buildRules = (
			);
			dependencies = (
			);
			name = "On The Map";
			productName = "On The Map";
			productReference = 6F9D7D4729B3A7AF00104AA6 /* On The Map.app */;
			productType = "com.apple.product-type.application";
		};
/* End PBXNativeTarget section */

/* Begin PBXProject section */
		6F9D7D3F29B3A7AF00104AA6 /* Project object */ = {
			isa = PBXProject;
			attributes = {
				BuildIndependentTargetsInParallel = 1;
				LastSwiftUpdateCheck = 1420;
				LastUpgradeCheck = 1420;
				TargetAttributes = {
					6F9D7D4629B3A7AF00104AA6 = {
						CreatedOnToolsVersion = 14.2;
					};
				};
			};
			buildConfigurationList = 6F9D7D4229B3A7AF00104AA6 /* Build configuration list for PBXProject "On The Map" */;
			compatibilityVersion = "Xcode 14.0";
			developmentRegion = en;
			hasScannedForEncodings = 0;
			knownRegions = (
				en,
				Base,
			);
			mainGroup = 6F9D7D3E29B3A7AF00104AA6;
			productRefGroup = 6F9D7D4829B3A7AF00104AA6 /* Products */;
			projectDirPath = "";
			projectRoot = "";
			targets = (
				6F9D7D4629B3A7AF00104AA6 /* On The Map */,
			);
		};
/* End PBXProject section */

/* Begin PBXResourcesBuildPhase section */
		6F9D7D4529B3A7AF00104AA6 /* Resources */ = {
			isa = PBXResourcesBuildPhase;
			buildActionMask = 2147483647;
			files = (
				6F9D7D5729B3A7B000104AA6 /* LaunchScreen.storyboard in Resources */,
				6F9D7D5429B3A7B000104AA6 /* Assets.xcassets in Resources */,
				6F9D7D5229B3A7AF00104AA6 /* Main.storyboard in Resources */,
			);
			runOnlyForDeploymentPostprocessing = 0;
		};
/* End PBXResourcesBuildPhase section */

/* Begin PBXSourcesBuildPhase section */
		6F9D7D4329B3A7AF00104AA6 /* Sources */ = {
			isa = PBXSourcesBuildPhase;
			buildActionMask = 2147483647;
			files = (
				6F9D7D4F29B3A7AF00104AA6 /* LoginViewController.swift in Sources */,
				6F9D7D6729B3BA6B00104AA6 /* OnTheMapApiClient.swift in Sources */,
				6F5B5F7229DA146400E05163 /* UdacitySchema.swift in Sources */,
				6F9D7D6529B3AD6500104AA6 /* MapViewController.swift in Sources */,
				6F5B5F7029DA13E300E05163 /* UdacityApiClient.swift in Sources */,
				6F5B5F8029E1F4D600E05163 /* OtmRootNavigationController.swift in Sources */,
				6F9D7D4B29B3A7AF00104AA6 /* AppDelegate.swift in Sources */,
				6F9D7D4D29B3A7AF00104AA6 /* SceneDelegate.swift in Sources */,
				6F9D7D6329B3AA9500104AA6 /* StudentLocation.swift in Sources */,
				6F9D7D6B29B5284D00104AA6 /* OtmTableViewController.swift in Sources */,
				6F9D7D6029B3A84B00104AA6 /* OtmTabBarController.swift in Sources */,
			);
			runOnlyForDeploymentPostprocessing = 0;
		};
/* End PBXSourcesBuildPhase section */

/* Begin PBXVariantGroup section */
		6F9D7D5029B3A7AF00104AA6 /* Main.storyboard */ = {
			isa = PBXVariantGroup;
			children = (
				6F9D7D5129B3A7AF00104AA6 /* Base */,
			);
			name = Main.storyboard;
			sourceTree = "<group>";
		};
		6F9D7D5529B3A7B000104AA6 /* LaunchScreen.storyboard */ = {
			isa = PBXVariantGroup;
			children = (
				6F9D7D5629B3A7B000104AA6 /* Base */,
			);
			name = LaunchScreen.storyboard;
			sourceTree = "<group>";
		};
/* End PBXVariantGroup section */

/* Begin XCBuildConfiguration section */
		6F9D7D5929B3A7B000104AA6 /* Debug */ = {
			isa = XCBuildConfiguration;
			buildSettings = {
				ALWAYS_SEARCH_USER_PATHS = NO;
				CLANG_ANALYZER_NONNULL = YES;
				CLANG_ANALYZER_NUMBER_OBJECT_CONVERSION = YES_AGGRESSIVE;
				CLANG_CXX_LANGUAGE_STANDARD = "gnu++20";
				CLANG_ENABLE_MODULES = YES;
				CLANG_ENABLE_OBJC_ARC = YES;
				CLANG_ENABLE_OBJC_WEAK = YES;
				CLANG_WARN_BLOCK_CAPTURE_AUTORELEASING = YES;
				CLANG_WARN_BOOL_CONVERSION = YES;
				CLANG_WARN_COMMA = YES;
				CLANG_WARN_CONSTANT_CONVERSION = YES;
				CLANG_WARN_DEPRECATED_OBJC_IMPLEMENTATIONS = YES;
				CLANG_WARN_DIRECT_OBJC_ISA_USAGE = YES_ERROR;
				CLANG_WARN_DOCUMENTATION_COMMENTS = YES;
				CLANG_WARN_EMPTY_BODY = YES;
				CLANG_WARN_ENUM_CONVERSION = YES;
				CLANG_WARN_INFINITE_RECURSION = YES;
				CLANG_WARN_INT_CONVERSION = YES;
				CLANG_WARN_NON_LITERAL_NULL_CONVERSION = YES;
				CLANG_WARN_OBJC_IMPLICIT_RETAIN_SELF = YES;
				CLANG_WARN_OBJC_LITERAL_CONVERSION = YES;
				CLANG_WARN_OBJC_ROOT_CLASS = YES_ERROR;
				CLANG_WARN_QUOTED_INCLUDE_IN_FRAMEWORK_HEADER = YES;
				CLANG_WARN_RANGE_LOOP_ANALYSIS = YES;
				CLANG_WARN_STRICT_PROTOTYPES = YES;
				CLANG_WARN_SUSPICIOUS_MOVE = YES;
				CLANG_WARN_UNGUARDED_AVAILABILITY = YES_AGGRESSIVE;
				CLANG_WARN_UNREACHABLE_CODE = YES;
				CLANG_WARN__DUPLICATE_METHOD_MATCH = YES;
				COPY_PHASE_STRIP = NO;
				DEBUG_INFORMATION_FORMAT = dwarf;
				ENABLE_STRICT_OBJC_MSGSEND = YES;
				ENABLE_TESTABILITY = YES;
				GCC_C_LANGUAGE_STANDARD = gnu11;
				GCC_DYNAMIC_NO_PIC = NO;
				GCC_NO_COMMON_BLOCKS = YES;
				GCC_OPTIMIZATION_LEVEL = 0;
				GCC_PREPROCESSOR_DEFINITIONS = (
					"DEBUG=1",
					"$(inherited)",
				);
				GCC_WARN_64_TO_32_BIT_CONVERSION = YES;
				GCC_WARN_ABOUT_RETURN_TYPE = YES_ERROR;
				GCC_WARN_UNDECLARED_SELECTOR = YES;
				GCC_WARN_UNINITIALIZED_AUTOS = YES_AGGRESSIVE;
				GCC_WARN_UNUSED_FUNCTION = YES;
				GCC_WARN_UNUSED_VARIABLE = YES;
				IPHONEOS_DEPLOYMENT_TARGET = 16.2;
				MTL_ENABLE_DEBUG_INFO = INCLUDE_SOURCE;
				MTL_FAST_MATH = YES;
				ONLY_ACTIVE_ARCH = YES;
				SDKROOT = iphoneos;
				SWIFT_ACTIVE_COMPILATION_CONDITIONS = DEBUG;
				SWIFT_OPTIMIZATION_LEVEL = "-Onone";
			};
			name = Debug;
		};
		6F9D7D5A29B3A7B000104AA6 /* Release */ = {
			isa = XCBuildConfiguration;
			buildSettings = {
				ALWAYS_SEARCH_USER_PATHS = NO;
				CLANG_ANALYZER_NONNULL = YES;
				CLANG_ANALYZER_NUMBER_OBJECT_CONVERSION = YES_AGGRESSIVE;
				CLANG_CXX_LANGUAGE_STANDARD = "gnu++20";
				CLANG_ENABLE_MODULES = YES;
				CLANG_ENABLE_OBJC_ARC = YES;
				CLANG_ENABLE_OBJC_WEAK = YES;
				CLANG_WARN_BLOCK_CAPTURE_AUTORELEASING = YES;
				CLANG_WARN_BOOL_CONVERSION = YES;
				CLANG_WARN_COMMA = YES;
				CLANG_WARN_CONSTANT_CONVERSION = YES;
				CLANG_WARN_DEPRECATED_OBJC_IMPLEMENTATIONS = YES;
				CLANG_WARN_DIRECT_OBJC_ISA_USAGE = YES_ERROR;
				CLANG_WARN_DOCUMENTATION_COMMENTS = YES;
				CLANG_WARN_EMPTY_BODY = YES;
				CLANG_WARN_ENUM_CONVERSION = YES;
				CLANG_WARN_INFINITE_RECURSION = YES;
				CLANG_WARN_INT_CONVERSION = YES;
				CLANG_WARN_NON_LITERAL_NULL_CONVERSION = YES;
				CLANG_WARN_OBJC_IMPLICIT_RETAIN_SELF = YES;
				CLANG_WARN_OBJC_LITERAL_CONVERSION = YES;
				CLANG_WARN_OBJC_ROOT_CLASS = YES_ERROR;
				CLANG_WARN_QUOTED_INCLUDE_IN_FRAMEWORK_HEADER = YES;
				CLANG_WARN_RANGE_LOOP_ANALYSIS = YES;
				CLANG_WARN_STRICT_PROTOTYPES = YES;
				CLANG_WARN_SUSPICIOUS_MOVE = YES;
				CLANG_WARN_UNGUARDED_AVAILABILITY = YES_AGGRESSIVE;
				CLANG_WARN_UNREACHABLE_CODE = YES;
				CLANG_WARN__DUPLICATE_METHOD_MATCH = YES;
				COPY_PHASE_STRIP = NO;
				DEBUG_INFORMATION_FORMAT = "dwarf-with-dsym";
				ENABLE_NS_ASSERTIONS = NO;
				ENABLE_STRICT_OBJC_MSGSEND = YES;
				GCC_C_LANGUAGE_STANDARD = gnu11;
				GCC_NO_COMMON_BLOCKS = YES;
				GCC_WARN_64_TO_32_BIT_CONVERSION = YES;
				GCC_WARN_ABOUT_RETURN_TYPE = YES_ERROR;
				GCC_WARN_UNDECLARED_SELECTOR = YES;
				GCC_WARN_UNINITIALIZED_AUTOS = YES_AGGRESSIVE;
				GCC_WARN_UNUSED_FUNCTION = YES;
				GCC_WARN_UNUSED_VARIABLE = YES;
				IPHONEOS_DEPLOYMENT_TARGET = 16.2;
				MTL_ENABLE_DEBUG_INFO = NO;
				MTL_FAST_MATH = YES;
				SDKROOT = iphoneos;
				SWIFT_COMPILATION_MODE = wholemodule;
				SWIFT_OPTIMIZATION_LEVEL = "-O";
				VALIDATE_PRODUCT = YES;
			};
			name = Release;
		};
		6F9D7D5C29B3A7B000104AA6 /* Debug */ = {
			isa = XCBuildConfiguration;
			buildSettings = {
				ASSETCATALOG_COMPILER_APPICON_NAME = AppIcon;
				ASSETCATALOG_COMPILER_GLOBAL_ACCENT_COLOR_NAME = AccentColor;
				CODE_SIGN_STYLE = Automatic;
				CURRENT_PROJECT_VERSION = 1;
				DEVELOPMENT_TEAM = L8695SQ572;
				GENERATE_INFOPLIST_FILE = YES;
				INFOPLIST_FILE = "On The Map/Info.plist";
				INFOPLIST_KEY_UIApplicationSupportsIndirectInputEvents = YES;
				INFOPLIST_KEY_UILaunchStoryboardName = LaunchScreen;
				INFOPLIST_KEY_UIMainStoryboardFile = Main;
				INFOPLIST_KEY_UISupportedInterfaceOrientations_iPad = "UIInterfaceOrientationPortrait UIInterfaceOrientationPortraitUpsideDown UIInterfaceOrientationLandscapeLeft UIInterfaceOrientationLandscapeRight";
				INFOPLIST_KEY_UISupportedInterfaceOrientations_iPhone = "UIInterfaceOrientationPortrait UIInterfaceOrientationLandscapeLeft UIInterfaceOrientationLandscapeRight";
				LD_RUNPATH_SEARCH_PATHS = (
					"$(inherited)",
					"@executable_path/Frameworks",
				);
				MARKETING_VERSION = 1.0;
				PRODUCT_BUNDLE_IDENTIFIER = "flood.matthew.On-The-Map";
				PRODUCT_NAME = "$(TARGET_NAME)";
				SWIFT_EMIT_LOC_STRINGS = YES;
				SWIFT_VERSION = 5.0;
				TARGETED_DEVICE_FAMILY = "1,2";
			};
			name = Debug;
		};
		6F9D7D5D29B3A7B000104AA6 /* Release */ = {
			isa = XCBuildConfiguration;
			buildSettings = {
				ASSETCATALOG_COMPILER_APPICON_NAME = AppIcon;
				ASSETCATALOG_COMPILER_GLOBAL_ACCENT_COLOR_NAME = AccentColor;
				CODE_SIGN_STYLE = Automatic;
				CURRENT_PROJECT_VERSION = 1;
				DEVELOPMENT_TEAM = L8695SQ572;
				GENERATE_INFOPLIST_FILE = YES;
				INFOPLIST_FILE = "On The Map/Info.plist";
				INFOPLIST_KEY_UIApplicationSupportsIndirectInputEvents = YES;
				INFOPLIST_KEY_UILaunchStoryboardName = LaunchScreen;
				INFOPLIST_KEY_UIMainStoryboardFile = Main;
				INFOPLIST_KEY_UISupportedInterfaceOrientations_iPad = "UIInterfaceOrientationPortrait UIInterfaceOrientationPortraitUpsideDown UIInterfaceOrientationLandscapeLeft UIInterfaceOrientationLandscapeRight";
				INFOPLIST_KEY_UISupportedInterfaceOrientations_iPhone = "UIInterfaceOrientationPortrait UIInterfaceOrientationLandscapeLeft UIInterfaceOrientationLandscapeRight";
				LD_RUNPATH_SEARCH_PATHS = (
					"$(inherited)",
					"@executable_path/Frameworks",
				);
				MARKETING_VERSION = 1.0;
				PRODUCT_BUNDLE_IDENTIFIER = "flood.matthew.On-The-Map";
				PRODUCT_NAME = "$(TARGET_NAME)";
				SWIFT_EMIT_LOC_STRINGS = YES;
				SWIFT_VERSION = 5.0;
				TARGETED_DEVICE_FAMILY = "1,2";
			};
			name = Release;
		};
/* End XCBuildConfiguration section */

/* Begin XCConfigurationList section */
		6F9D7D4229B3A7AF00104AA6 /* Build configuration list for PBXProject "On The Map" */ = {
			isa = XCConfigurationList;
			buildConfigurations = (
				6F9D7D5929B3A7B000104AA6 /* Debug */,
				6F9D7D5A29B3A7B000104AA6 /* Release */,
			);
			defaultConfigurationIsVisible = 0;
			defaultConfigurationName = Release;
		};
		6F9D7D5B29B3A7B000104AA6 /* Build configuration list for PBXNativeTarget "On The Map" */ = {
			isa = XCConfigurationList;
			buildConfigurations = (
				6F9D7D5C29B3A7B000104AA6 /* Debug */,
				6F9D7D5D29B3A7B000104AA6 /* Release */,
			);
			defaultConfigurationIsVisible = 0;
			defaultConfigurationName = Release;
		};
/* End XCConfigurationList section */
	};
	rootObject = 6F9D7D3F29B3A7AF00104AA6 /* Project object */;
}
